
Microsoft Visual Studio Solution File, Format Version 12.00
# Visual Studio Version 17
VisualStudioVersion = 17.0.32112.339
MinimumVisualStudioVersion = 10.0.40219.1
Project("{9A19103F-16F7-4668-BE54-9A1E7A4F7556}") = "RevendaVeiculos.Web", "RevendaVeiculos.Web\RevendaVeiculos.Web.csproj", "{90F07C55-C93D-4966-A186-46332A810668}"
EndProject
Project("{9A19103F-16F7-4668-BE54-9A1E7A4F7556}") = "RevendaVeiculos.Data", "RevendaVeiculos.Data\RevendaVeiculos.Data.csproj", "{B206F72C-CDC4-4994-BC52-C63C8AB8459B}"
EndProject
Project("{9A19103F-16F7-4668-BE54-9A1E7A4F7556}") = "RevendaVeiculos.Service", "RevendaVeiculos.Service\RevendaVeiculos.Service.csproj", "{EBC633D3-7B87-428C-A2F2-4223766F6C17}"
EndProject
Project("{9A19103F-16F7-4668-BE54-9A1E7A4F7556}") = "RevendaVeiculos.Test", "RevendaVeiculos.Test\RevendaVeiculos.Test.csproj", "{F66C49CF-6E56-4776-984B-01CEEA75ABF1}"
EndProject
Project("{9A19103F-16F7-4668-BE54-9A1E7A4F7556}") = "RevendaVeiculos.Message", "RevendaVeiculos.Message\RevendaVeiculos.Message.csproj", "{2549B4EA-C5B3-47FD-A6CF-AFCF51B67E18}"
EndProject
Project("{E53339B2-1760-4266-BCC7-CA923CBCF16C}") = "docker-compose", "docker-compose.dcproj", "{59943902-27E6-4FC1-ACE1-BCC28C001644}"
EndProject
Project("{FAE04EC0-301F-11D3-BF4B-00C04F79EFBC}") = "RevendaVeiculos.SendGrid", "..\RevendaVeiculos.SendGrid\RevendaVeiculos.SendGrid.csproj", "{FD8F90FE-AACB-42A5-9702-02CE1DB89AA8}"
EndProject
Global
	GlobalSection(SolutionConfigurationPlatforms) = preSolution
		Debug|Any CPU = Debug|Any CPU
		Release|Any CPU = Release|Any CPU
	EndGlobalSection
	GlobalSection(ProjectConfigurationPlatforms) = postSolution
		{90F07C55-C93D-4966-A186-46332A810668}.Debug|Any CPU.ActiveCfg = Debug|Any CPU
		{90F07C55-C93D-4966-A186-46332A810668}.Debug|Any CPU.Build.0 = Debug|Any CPU
		{90F07C55-C93D-4966-A186-46332A810668}.Release|Any CPU.ActiveCfg = Release|Any CPU
		{90F07C55-C93D-4966-A186-46332A810668}.Release|Any CPU.Build.0 = Release|Any CPU
		{B206F72C-CDC4-4994-BC52-C63C8AB8459B}.Debug|Any CPU.ActiveCfg = Debug|Any CPU
		{B206F72C-CDC4-4994-BC52-C63C8AB8459B}.Debug|Any CPU.Build.0 = Debug|Any CPU
		{B206F72C-CDC4-4994-BC52-C63C8AB8459B}.Release|Any CPU.ActiveCfg = Release|Any CPU
		{B206F72C-CDC4-4994-BC52-C63C8AB8459B}.Release|Any CPU.Build.0 = Release|Any CPU
		{EBC633D3-7B87-428C-A2F2-4223766F6C17}.Debug|Any CPU.ActiveCfg = Debug|Any CPU
		{EBC633D3-7B87-428C-A2F2-4223766F6C17}.Debug|Any CPU.Build.0 = Debug|Any CPU
		{EBC633D3-7B87-428C-A2F2-4223766F6C17}.Release|Any CPU.ActiveCfg = Release|Any CPU
		{EBC633D3-7B87-428C-A2F2-4223766F6C17}.Release|Any CPU.Build.0 = Release|Any CPU
		{F66C49CF-6E56-4776-984B-01CEEA75ABF1}.Debug|Any CPU.ActiveCfg = Debug|Any CPU
		{F66C49CF-6E56-4776-984B-01CEEA75ABF1}.Debug|Any CPU.Build.0 = Debug|Any CPU
		{F66C49CF-6E56-4776-984B-01CEEA75ABF1}.Release|Any CPU.ActiveCfg = Release|Any CPU
		{F66C49CF-6E56-4776-984B-01CEEA75ABF1}.Release|Any CPU.Build.0 = Release|Any CPU
		{2549B4EA-C5B3-47FD-A6CF-AFCF51B67E18}.Debug|Any CPU.ActiveCfg = Debug|Any CPU
		{2549B4EA-C5B3-47FD-A6CF-AFCF51B67E18}.Debug|Any CPU.Build.0 = Debug|Any CPU
		{2549B4EA-C5B3-47FD-A6CF-AFCF51B67E18}.Release|Any CPU.ActiveCfg = Release|Any CPU
		{2549B4EA-C5B3-47FD-A6CF-AFCF51B67E18}.Release|Any CPU.Build.0 = Release|Any CPU
		{59943902-27E6-4FC1-ACE1-BCC28C001644}.Debug|Any CPU.ActiveCfg = Debug|Any CPU
		{59943902-27E6-4FC1-ACE1-BCC28C001644}.Debug|Any CPU.Build.0 = Debug|Any CPU
		{59943902-27E6-4FC1-ACE1-BCC28C001644}.Release|Any CPU.ActiveCfg = Release|Any CPU
		{59943902-27E6-4FC1-ACE1-BCC28C001644}.Release|Any CPU.Build.0 = Release|Any CPU
		{FD8F90FE-AACB-42A5-9702-02CE1DB89AA8}.Debug|Any CPU.ActiveCfg = Debug|Any CPU
		{FD8F90FE-AACB-42A5-9702-02CE1DB89AA8}.Debug|Any CPU.Build.0 = Debug|Any CPU
		{FD8F90FE-AACB-42A5-9702-02CE1DB89AA8}.Release|Any CPU.ActiveCfg = Release|Any CPU
		{FD8F90FE-AACB-42A5-9702-02CE1DB89AA8}.Release|Any CPU.Build.0 = Release|Any CPU
	EndGlobalSection
	GlobalSection(SolutionProperties) = preSolution
		HideSolutionNode = FALSE
	EndGlobalSection
	GlobalSection(ExtensibilityGlobals) = postSolution
		SolutionGuid = {5E42178A-9D77-4773-80CB-6D7F8D4F3BD6}
	EndGlobalSection
EndGlobal
